
Microsoft Visual Studio Solution File, Format Version 12.00
# Visual Studio Version 16
VisualStudioVersion = 16.0.30804.86
MinimumVisualStudioVersion = 10.0.40219.1
Project("{9A19103F-16F7-4668-BE54-9A1E7A4F7556}") = "Entities", "Entities\Entities.csproj", "{D50544D0-68BB-4756-971E-DB4D77AC6DE9}"
EndProject
Project("{9A19103F-16F7-4668-BE54-9A1E7A4F7556}") = "DataAccess", "DataAccess\DataAccess.csproj", "{94AAD25D-954E-4D46-9830-8AC34984D9B5}"
EndProject
Project("{9A19103F-16F7-4668-BE54-9A1E7A4F7556}") = "Business", "Business\Business.csproj", "{9F53816C-FE65-48EC-95FC-0E905186BD63}"
EndProject
Project("{9A19103F-16F7-4668-BE54-9A1E7A4F7556}") = "ConsoleUı", "ConsoleUı\ConsoleUı.csproj", "{6B69CA9A-6490-4DBC-8FB6-3882E5E7CAB7}"
EndProject
Project("{FAE04EC0-301F-11D3-BF4B-00C04F79EFBC}") = "Core", "Core\Core.csproj", "{716D296A-4152-4618-8CF8-16A257FA3ED5}"
EndProject
Global
	GlobalSection(SolutionConfigurationPlatforms) = preSolution
		Debug|Any CPU = Debug|Any CPU
		Release|Any CPU = Release|Any CPU
	EndGlobalSection
	GlobalSection(ProjectConfigurationPlatforms) = postSolution
		{D50544D0-68BB-4756-971E-DB4D77AC6DE9}.Debug|Any CPU.ActiveCfg = Debug|Any CPU
		{D50544D0-68BB-4756-971E-DB4D77AC6DE9}.Debug|Any CPU.Build.0 = Debug|Any CPU
		{D50544D0-68BB-4756-971E-DB4D77AC6DE9}.Release|Any CPU.ActiveCfg = Release|Any CPU
		{D50544D0-68BB-4756-971E-DB4D77AC6DE9}.Release|Any CPU.Build.0 = Release|Any CPU
		{94AAD25D-954E-4D46-9830-8AC34984D9B5}.Debug|Any CPU.ActiveCfg = Debug|Any CPU
		{94AAD25D-954E-4D46-9830-8AC34984D9B5}.Debug|Any CPU.Build.0 = Debug|Any CPU
		{94AAD25D-954E-4D46-9830-8AC34984D9B5}.Release|Any CPU.ActiveCfg = Release|Any CPU
		{94AAD25D-954E-4D46-9830-8AC34984D9B5}.Release|Any CPU.Build.0 = Release|Any CPU
		{9F53816C-FE65-48EC-95FC-0E905186BD63}.Debug|Any CPU.ActiveCfg = Debug|Any CPU
		{9F53816C-FE65-48EC-95FC-0E905186BD63}.Debug|Any CPU.Build.0 = Debug|Any CPU
		{9F53816C-FE65-48EC-95FC-0E905186BD63}.Release|Any CPU.ActiveCfg = Release|Any CPU
		{9F53816C-FE65-48EC-95FC-0E905186BD63}.Release|Any CPU.Build.0 = Release|Any CPU
		{6B69CA9A-6490-4DBC-8FB6-3882E5E7CAB7}.Debug|Any CPU.ActiveCfg = Debug|Any CPU
		{6B69CA9A-6490-4DBC-8FB6-3882E5E7CAB7}.Debug|Any CPU.Build.0 = Debug|Any CPU
		{6B69CA9A-6490-4DBC-8FB6-3882E5E7CAB7}.Release|Any CPU.ActiveCfg = Release|Any CPU
		{6B69CA9A-6490-4DBC-8FB6-3882E5E7CAB7}.Release|Any CPU.Build.0 = Release|Any CPU
		{716D296A-4152-4618-8CF8-16A257FA3ED5}.Debug|Any CPU.ActiveCfg = Debug|Any CPU
		{716D296A-4152-4618-8CF8-16A257FA3ED5}.Debug|Any CPU.Build.0 = Debug|Any CPU
		{716D296A-4152-4618-8CF8-16A257FA3ED5}.Release|Any CPU.ActiveCfg = Release|Any CPU
		{716D296A-4152-4618-8CF8-16A257FA3ED5}.Release|Any CPU.Build.0 = Release|Any CPU
	EndGlobalSection
	GlobalSection(SolutionProperties) = preSolution
		HideSolutionNode = FALSE
	EndGlobalSection
	GlobalSection(ExtensibilityGlobals) = postSolution
		SolutionGuid = {13279A02-F057-4191-8FFA-0CED014C625A}
	EndGlobalSection
EndGlobal
